// !$*UTF8*$!
{
	archiveVersion = 1;
	classes = {
	};
	objectVersion = 46;
	objects = {

/* Begin PBXBuildFile section */
		0BD544420DA26061FA92B1AE /* libPods.a in Frameworks */ = {isa = PBXBuildFile; fileRef = F4BC9028DE1DDB517D1770B8 /* libPods.a */; };
		1C267B0F1AF8B8A800D940FC /* FileManager.m in Sources */ = {isa = PBXBuildFile; fileRef = 1C267B0E1AF8B8A800D940FC /* FileManager.m */; };
		1C43415B1AFDBE5900C1AC3B /* CBCentralManager+Blocks.m in Sources */ = {isa = PBXBuildFile; fileRef = 1C43414E1AFDBE5900C1AC3B /* CBCentralManager+Blocks.m */; };
		1C43415C1AFDBE5900C1AC3B /* CBCentralManager+Debug.m in Sources */ = {isa = PBXBuildFile; fileRef = 1C4341501AFDBE5900C1AC3B /* CBCentralManager+Debug.m */; };
		1C43415D1AFDBE5900C1AC3B /* CBCharacteristic+Debug.m in Sources */ = {isa = PBXBuildFile; fileRef = 1C4341521AFDBE5900C1AC3B /* CBCharacteristic+Debug.m */; };
		1C43415E1AFDBE5900C1AC3B /* CBPeripheral+Blocks.m in Sources */ = {isa = PBXBuildFile; fileRef = 1C4341541AFDBE5900C1AC3B /* CBPeripheral+Blocks.m */; };
		1C43415F1AFDBE5900C1AC3B /* CBPeripheral+Debug.m in Sources */ = {isa = PBXBuildFile; fileRef = 1C4341561AFDBE5900C1AC3B /* CBPeripheral+Debug.m */; };
		1C4341601AFDBE5900C1AC3B /* CBPeripheralManager+Blocks.m in Sources */ = {isa = PBXBuildFile; fileRef = 1C4341581AFDBE5900C1AC3B /* CBPeripheralManager+Blocks.m */; };
		1C4341611AFDBE5900C1AC3B /* CBPeripheralManager+Debug.m in Sources */ = {isa = PBXBuildFile; fileRef = 1C43415A1AFDBE5900C1AC3B /* CBPeripheralManager+Debug.m */; };
		1C4341631AFDE34D00C1AC3B /* icon in Resources */ = {isa = PBXBuildFile; fileRef = 1C4341621AFDE34D00C1AC3B /* icon */; };
		1C535E2C1AF85B94003FD0A0 /* CSPausibleTimer.m in Sources */ = {isa = PBXBuildFile; fileRef = 1C535E291AF85B94003FD0A0 /* CSPausibleTimer.m */; };
		1C535E2D1AF85B94003FD0A0 /* NSTimer+Extension.m in Sources */ = {isa = PBXBuildFile; fileRef = 1C535E2B1AF85B94003FD0A0 /* NSTimer+Extension.m */; };
		1C535E311AF85D9E003FD0A0 /* Tab1ViewController.m in Sources */ = {isa = PBXBuildFile; fileRef = 1C535E301AF85D9E003FD0A0 /* Tab1ViewController.m */; };
		1C535E341AF85DBB003FD0A0 /* Tab2ViewController.m in Sources */ = {isa = PBXBuildFile; fileRef = 1C535E331AF85DBB003FD0A0 /* Tab2ViewController.m */; };
		1C535E391AF86024003FD0A0 /* Tab1Cell.m in Sources */ = {isa = PBXBuildFile; fileRef = 1C535E371AF86024003FD0A0 /* Tab1Cell.m */; };
		1C535E3A1AF86024003FD0A0 /* Tab1Cell.xib in Resources */ = {isa = PBXBuildFile; fileRef = 1C535E381AF86024003FD0A0 /* Tab1Cell.xib */; };
		1C535E4C1AF87519003FD0A0 /* MapPoint.m in Sources */ = {isa = PBXBuildFile; fileRef = 1C535E471AF87519003FD0A0 /* MapPoint.m */; };
		1C535E4D1AF87519003FD0A0 /* MapViewController.m in Sources */ = {isa = PBXBuildFile; fileRef = 1C535E491AF87519003FD0A0 /* MapViewController.m */; };
		1C535E4E1AF87519003FD0A0 /* MyMapView.m in Sources */ = {isa = PBXBuildFile; fileRef = 1C535E4B1AF87519003FD0A0 /* MyMapView.m */; };
		1C535EC21AF8A2D2003FD0A0 /* map_start.png in Resources */ = {isa = PBXBuildFile; fileRef = 1C535EC01AF8A2D2003FD0A0 /* map_start.png */; };
		1C535EC31AF8A2D2003FD0A0 /* map_start@2x.png in Resources */ = {isa = PBXBuildFile; fileRef = 1C535EC11AF8A2D2003FD0A0 /* map_start@2x.png */; };
		1C53E5AC1AF9ABFC00116E4C /* map_end.png in Resources */ = {isa = PBXBuildFile; fileRef = 1C53E5A81AF9ABFC00116E4C /* map_end.png */; };
		1C53E5AD1AF9ABFC00116E4C /* map_end@2x.png in Resources */ = {isa = PBXBuildFile; fileRef = 1C53E5A91AF9ABFC00116E4C /* map_end@2x.png */; };
		1C53E5AE1AF9ABFC00116E4C /* milestone_on.png in Resources */ = {isa = PBXBuildFile; fileRef = 1C53E5AA1AF9ABFC00116E4C /* milestone_on.png */; };
		1C53E5AF1AF9ABFC00116E4C /* milestone_on@2x.png in Resources */ = {isa = PBXBuildFile; fileRef = 1C53E5AB1AF9ABFC00116E4C /* milestone_on@2x.png */; };
		1C53E5B41AF9B43300116E4C /* KilometerAnno.m in Sources */ = {isa = PBXBuildFile; fileRef = 1C53E5B11AF9B43300116E4C /* KilometerAnno.m */; };
		1C53E5B51AF9B43300116E4C /* KilometerAnotationView.m in Sources */ = {isa = PBXBuildFile; fileRef = 1C53E5B31AF9B43300116E4C /* KilometerAnotationView.m */; };
		1C53E5B81AF9BACC00116E4C /* iconfont-ditu@2x.png in Resources */ = {isa = PBXBuildFile; fileRef = 1C53E5B61AF9BACC00116E4C /* iconfont-ditu@2x.png */; };
		1C53E5B91AF9BACC00116E4C /* iconfont-ditu@3x.png in Resources */ = {isa = PBXBuildFile; fileRef = 1C53E5B71AF9BACC00116E4C /* iconfont-ditu@3x.png */; };
		1C53E5BE1AF9BE8500116E4C /* ly@2x.png in Resources */ = {isa = PBXBuildFile; fileRef = 1C53E5BA1AF9BE8500116E4C /* ly@2x.png */; };
		1C53E5BF1AF9BE8500116E4C /* ly@3x.png in Resources */ = {isa = PBXBuildFile; fileRef = 1C53E5BB1AF9BE8500116E4C /* ly@3x.png */; };
		1C53E5C01AF9BE8500116E4C /* pin@2x.png in Resources */ = {isa = PBXBuildFile; fileRef = 1C53E5BC1AF9BE8500116E4C /* pin@2x.png */; };
		1C53E5C11AF9BE8500116E4C /* pin@3x.png in Resources */ = {isa = PBXBuildFile; fileRef = 1C53E5BD1AF9BE8500116E4C /* pin@3x.png */; };
		1C6586A11B02FC49000B09FB /* NetUtils.m in Sources */ = {isa = PBXBuildFile; fileRef = 1C6586A01B02FC49000B09FB /* NetUtils.m */; };
		1C80EF791B0074A300D53552 /* iconfont-man@2x.png in Resources */ = {isa = PBXBuildFile; fileRef = 1C80EF771B0074A300D53552 /* iconfont-man@2x.png */; };
		1C80EF7A1B0074A300D53552 /* iconfont-man@3x.png in Resources */ = {isa = PBXBuildFile; fileRef = 1C80EF781B0074A300D53552 /* iconfont-man@3x.png */; };
		1C80EF7D1B007D0D00D53552 /* FriendListViewController.m in Sources */ = {isa = PBXBuildFile; fileRef = 1C80EF7C1B007D0D00D53552 /* FriendListViewController.m */; };
		1C97B9BC1B05CDE8003BCF5C /* ProgressHUD.bundle in Resources */ = {isa = PBXBuildFile; fileRef = 1C97B9B91B05CDE8003BCF5C /* ProgressHUD.bundle */; };
		1C97B9BD1B05CDE8003BCF5C /* ProgressHUD.m in Sources */ = {isa = PBXBuildFile; fileRef = 1C97B9BB1B05CDE8003BCF5C /* ProgressHUD.m */; };
		1CB1EF3D1B01EBA7002DA496 /* LoginViewController.m in Sources */ = {isa = PBXBuildFile; fileRef = 1CB1EF3C1B01EBA7002DA496 /* LoginViewController.m */; };
		1CB1EF401B01EBEC002DA496 /* RegistViewController.m in Sources */ = {isa = PBXBuildFile; fileRef = 1CB1EF3F1B01EBEC002DA496 /* RegistViewController.m */; };
		1CB1EF431B01EEBE002DA496 /* login@2x.png in Resources */ = {isa = PBXBuildFile; fileRef = 1CB1EF411B01EEBE002DA496 /* login@2x.png */; };
		1CB1EF441B01EEBE002DA496 /* login@3x.png in Resources */ = {isa = PBXBuildFile; fileRef = 1CB1EF421B01EEBE002DA496 /* login@3x.png */; };
		1CB7A9361B008ADB00995A4F /* signal_gray.png in Resources */ = {isa = PBXBuildFile; fileRef = 1CB7A92E1B008ADB00995A4F /* signal_gray.png */; };
		1CB7A9371B008ADB00995A4F /* signal_gray@2x.png in Resources */ = {isa = PBXBuildFile; fileRef = 1CB7A92F1B008ADB00995A4F /* signal_gray@2x.png */; };
		1CB7A9381B008ADB00995A4F /* signal.png in Resources */ = {isa = PBXBuildFile; fileRef = 1CB7A9301B008ADB00995A4F /* signal.png */; };
		1CB7A9391B008ADB00995A4F /* signal@2x.png in Resources */ = {isa = PBXBuildFile; fileRef = 1CB7A9311B008ADB00995A4F /* signal@2x.png */; };
		1CB7A9461B008CDD00995A4F /* lanya_off@2x.png in Resources */ = {isa = PBXBuildFile; fileRef = 1CB7A9421B008CDD00995A4F /* lanya_off@2x.png */; };
		1CB7A9471B008CDD00995A4F /* lanya_off@3x.png in Resources */ = {isa = PBXBuildFile; fileRef = 1CB7A9431B008CDD00995A4F /* lanya_off@3x.png */; };
		1CB7A9481B008CDD00995A4F /* lanya_on@2x.png in Resources */ = {isa = PBXBuildFile; fileRef = 1CB7A9441B008CDD00995A4F /* lanya_on@2x.png */; };
		1CB7A9491B008CDD00995A4F /* lanya_on@3x.png in Resources */ = {isa = PBXBuildFile; fileRef = 1CB7A9451B008CDD00995A4F /* lanya_on@3x.png */; };
		1CB7A94F1B00AAF800995A4F /* BaseViewController.m in Sources */ = {isa = PBXBuildFile; fileRef = 1CB7A94E1B00AAF800995A4F /* BaseViewController.m */; };
		1CBA6EDF1AF761210051BACB /* main.m in Sources */ = {isa = PBXBuildFile; fileRef = 1CBA6EDE1AF761210051BACB /* main.m */; };
		1CBA6EE21AF761210051BACB /* AppDelegate.m in Sources */ = {isa = PBXBuildFile; fileRef = 1CBA6EE11AF761210051BACB /* AppDelegate.m */; };
		1CBA6EE51AF761210051BACB /* ViewController.m in Sources */ = {isa = PBXBuildFile; fileRef = 1CBA6EE41AF761210051BACB /* ViewController.m */; };
		1CBA6EE81AF761210051BACB /* Main.storyboard in Resources */ = {isa = PBXBuildFile; fileRef = 1CBA6EE61AF761210051BACB /* Main.storyboard */; };
		1CBA6EEA1AF761210051BACB /* Images.xcassets in Resources */ = {isa = PBXBuildFile; fileRef = 1CBA6EE91AF761210051BACB /* Images.xcassets */; };
		1CBA6EED1AF761210051BACB /* LaunchScreen.xib in Resources */ = {isa = PBXBuildFile; fileRef = 1CBA6EEB1AF761210051BACB /* LaunchScreen.xib */; };
		1CBA6EF91AF761210051BACB /* BLETests.m in Sources */ = {isa = PBXBuildFile; fileRef = 1CBA6EF81AF761210051BACB /* BLETests.m */; };
		1CBA6F251AF764A80051BACB /* LocationThread.m in Sources */ = {isa = PBXBuildFile; fileRef = 1CBA6F241AF764A80051BACB /* LocationThread.m */; };
		1CBA6F291AF766EE0051BACB /* CLLocationManager+Block.m in Sources */ = {isa = PBXBuildFile; fileRef = 1CBA6F281AF766EE0051BACB /* CLLocationManager+Block.m */; };
		1CBA6F301AF7750F0051BACB /* KANullInputSource.m in Sources */ = {isa = PBXBuildFile; fileRef = 1CBA6F2F1AF7750F0051BACB /* KANullInputSource.m */; };
		1CBA6F381AF775760051BACB /* CSqlite.m in Sources */ = {isa = PBXBuildFile; fileRef = 1CBA6F331AF775760051BACB /* CSqlite.m */; };
		1CBA6F391AF775760051BACB /* gps.db in Resources */ = {isa = PBXBuildFile; fileRef = 1CBA6F341AF775760051BACB /* gps.db */; };
		1CBA6F3A1AF775760051BACB /* sqlite3.c in Sources */ = {isa = PBXBuildFile; fileRef = 1CBA6F351AF775760051BACB /* sqlite3.c */; };
		1CC0F6941AFC583000D25722 /* SinoNetUtils.m in Sources */ = {isa = PBXBuildFile; fileRef = 1CC0F6931AFC583000D25722 /* SinoNetUtils.m */; };
/* End PBXBuildFile section */

/* Begin PBXContainerItemProxy section */
		1CBA6EF31AF761210051BACB /* PBXContainerItemProxy */ = {
			isa = PBXContainerItemProxy;
			containerPortal = 1CBA6ED11AF761200051BACB /* Project object */;
			proxyType = 1;
			remoteGlobalIDString = 1CBA6ED81AF761210051BACB;
			remoteInfo = BLE;
		};
/* End PBXContainerItemProxy section */

/* Begin PBXFileReference section */
		1C267B0D1AF8B8A800D940FC /* FileManager.h */ = {isa = PBXFileReference; fileEncoding = 4; lastKnownFileType = sourcecode.c.h; path = FileManager.h; sourceTree = "<group>"; };
		1C267B0E1AF8B8A800D940FC /* FileManager.m */ = {isa = PBXFileReference; fileEncoding = 4; lastKnownFileType = sourcecode.c.objc; path = FileManager.m; sourceTree = "<group>"; };
		1C43414C1AFDBE5900C1AC3B /* BlocksBluetoothDefinitions.h */ = {isa = PBXFileReference; fileEncoding = 4; lastKnownFileType = sourcecode.c.h; path = BlocksBluetoothDefinitions.h; sourceTree = "<group>"; };
		1C43414D1AFDBE5900C1AC3B /* CBCentralManager+Blocks.h */ = {isa = PBXFileReference; fileEncoding = 4; lastKnownFileType = sourcecode.c.h; path = "CBCentralManager+Blocks.h"; sourceTree = "<group>"; };
		1C43414E1AFDBE5900C1AC3B /* CBCentralManager+Blocks.m */ = {isa = PBXFileReference; fileEncoding = 4; lastKnownFileType = sourcecode.c.objc; path = "CBCentralManager+Blocks.m"; sourceTree = "<group>"; };
		1C43414F1AFDBE5900C1AC3B /* CBCentralManager+Debug.h */ = {isa = PBXFileReference; fileEncoding = 4; lastKnownFileType = sourcecode.c.h; path = "CBCentralManager+Debug.h"; sourceTree = "<group>"; };
		1C4341501AFDBE5900C1AC3B /* CBCentralManager+Debug.m */ = {isa = PBXFileReference; fileEncoding = 4; lastKnownFileType = sourcecode.c.objc; path = "CBCentralManager+Debug.m"; sourceTree = "<group>"; };
		1C4341511AFDBE5900C1AC3B /* CBCharacteristic+Debug.h */ = {isa = PBXFileReference; fileEncoding = 4; lastKnownFileType = sourcecode.c.h; path = "CBCharacteristic+Debug.h"; sourceTree = "<group>"; };
		1C4341521AFDBE5900C1AC3B /* CBCharacteristic+Debug.m */ = {isa = PBXFileReference; fileEncoding = 4; lastKnownFileType = sourcecode.c.objc; path = "CBCharacteristic+Debug.m"; sourceTree = "<group>"; };
		1C4341531AFDBE5900C1AC3B /* CBPeripheral+Blocks.h */ = {isa = PBXFileReference; fileEncoding = 4; lastKnownFileType = sourcecode.c.h; path = "CBPeripheral+Blocks.h"; sourceTree = "<group>"; };
		1C4341541AFDBE5900C1AC3B /* CBPeripheral+Blocks.m */ = {isa = PBXFileReference; fileEncoding = 4; lastKnownFileType = sourcecode.c.objc; path = "CBPeripheral+Blocks.m"; sourceTree = "<group>"; };
		1C4341551AFDBE5900C1AC3B /* CBPeripheral+Debug.h */ = {isa = PBXFileReference; fileEncoding = 4; lastKnownFileType = sourcecode.c.h; path = "CBPeripheral+Debug.h"; sourceTree = "<group>"; };
		1C4341561AFDBE5900C1AC3B /* CBPeripheral+Debug.m */ = {isa = PBXFileReference; fileEncoding = 4; lastKnownFileType = sourcecode.c.objc; path = "CBPeripheral+Debug.m"; sourceTree = "<group>"; };
		1C4341571AFDBE5900C1AC3B /* CBPeripheralManager+Blocks.h */ = {isa = PBXFileReference; fileEncoding = 4; lastKnownFileType = sourcecode.c.h; path = "CBPeripheralManager+Blocks.h"; sourceTree = "<group>"; };
		1C4341581AFDBE5900C1AC3B /* CBPeripheralManager+Blocks.m */ = {isa = PBXFileReference; fileEncoding = 4; lastKnownFileType = sourcecode.c.objc; path = "CBPeripheralManager+Blocks.m"; sourceTree = "<group>"; };
		1C4341591AFDBE5900C1AC3B /* CBPeripheralManager+Debug.h */ = {isa = PBXFileReference; fileEncoding = 4; lastKnownFileType = sourcecode.c.h; path = "CBPeripheralManager+Debug.h"; sourceTree = "<group>"; };
		1C43415A1AFDBE5900C1AC3B /* CBPeripheralManager+Debug.m */ = {isa = PBXFileReference; fileEncoding = 4; lastKnownFileType = sourcecode.c.objc; path = "CBPeripheralManager+Debug.m"; sourceTree = "<group>"; };
		1C4341621AFDE34D00C1AC3B /* icon */ = {isa = PBXFileReference; lastKnownFileType = folder; name = icon; path = BLE/icon; sourceTree = "<group>"; };
		1C535E281AF85B94003FD0A0 /* CSPausibleTimer.h */ = {isa = PBXFileReference; fileEncoding = 4; lastKnownFileType = sourcecode.c.h; path = CSPausibleTimer.h; sourceTree = "<group>"; };
		1C535E291AF85B94003FD0A0 /* CSPausibleTimer.m */ = {isa = PBXFileReference; fileEncoding = 4; lastKnownFileType = sourcecode.c.objc; path = CSPausibleTimer.m; sourceTree = "<group>"; };
		1C535E2A1AF85B94003FD0A0 /* NSTimer+Extension.h */ = {isa = PBXFileReference; fileEncoding = 4; lastKnownFileType = sourcecode.c.h; path = "NSTimer+Extension.h"; sourceTree = "<group>"; };
		1C535E2B1AF85B94003FD0A0 /* NSTimer+Extension.m */ = {isa = PBXFileReference; fileEncoding = 4; lastKnownFileType = sourcecode.c.objc; path = "NSTimer+Extension.m"; sourceTree = "<group>"; };
		1C535E2F1AF85D9E003FD0A0 /* Tab1ViewController.h */ = {isa = PBXFileReference; fileEncoding = 4; lastKnownFileType = sourcecode.c.h; path = Tab1ViewController.h; sourceTree = "<group>"; };
		1C535E301AF85D9E003FD0A0 /* Tab1ViewController.m */ = {isa = PBXFileReference; fileEncoding = 4; lastKnownFileType = sourcecode.c.objc; path = Tab1ViewController.m; sourceTree = "<group>"; };
		1C535E321AF85DBB003FD0A0 /* Tab2ViewController.h */ = {isa = PBXFileReference; fileEncoding = 4; lastKnownFileType = sourcecode.c.h; path = Tab2ViewController.h; sourceTree = "<group>"; };
		1C535E331AF85DBB003FD0A0 /* Tab2ViewController.m */ = {isa = PBXFileReference; fileEncoding = 4; lastKnownFileType = sourcecode.c.objc; path = Tab2ViewController.m; sourceTree = "<group>"; };
		1C535E361AF86024003FD0A0 /* Tab1Cell.h */ = {isa = PBXFileReference; fileEncoding = 4; lastKnownFileType = sourcecode.c.h; path = Tab1Cell.h; sourceTree = "<group>"; };
		1C535E371AF86024003FD0A0 /* Tab1Cell.m */ = {isa = PBXFileReference; fileEncoding = 4; lastKnownFileType = sourcecode.c.objc; path = Tab1Cell.m; sourceTree = "<group>"; };
		1C535E381AF86024003FD0A0 /* Tab1Cell.xib */ = {isa = PBXFileReference; fileEncoding = 4; lastKnownFileType = file.xib; path = Tab1Cell.xib; sourceTree = "<group>"; };
		1C535E461AF87519003FD0A0 /* MapPoint.h */ = {isa = PBXFileReference; fileEncoding = 4; lastKnownFileType = sourcecode.c.h; path = MapPoint.h; sourceTree = "<group>"; };
		1C535E471AF87519003FD0A0 /* MapPoint.m */ = {isa = PBXFileReference; fileEncoding = 4; lastKnownFileType = sourcecode.c.objc; path = MapPoint.m; sourceTree = "<group>"; };
		1C535E481AF87519003FD0A0 /* MapViewController.h */ = {isa = PBXFileReference; fileEncoding = 4; lastKnownFileType = sourcecode.c.h; path = MapViewController.h; sourceTree = "<group>"; };
		1C535E491AF87519003FD0A0 /* MapViewController.m */ = {isa = PBXFileReference; fileEncoding = 4; lastKnownFileType = sourcecode.c.objc; path = MapViewController.m; sourceTree = "<group>"; };
		1C535E4A1AF87519003FD0A0 /* MyMapView.h */ = {isa = PBXFileReference; fileEncoding = 4; lastKnownFileType = sourcecode.c.h; path = MyMapView.h; sourceTree = "<group>"; };
		1C535E4B1AF87519003FD0A0 /* MyMapView.m */ = {isa = PBXFileReference; fileEncoding = 4; lastKnownFileType = sourcecode.c.objc; path = MyMapView.m; sourceTree = "<group>"; };
		1C535EC01AF8A2D2003FD0A0 /* map_start.png */ = {isa = PBXFileReference; lastKnownFileType = image.png; path = map_start.png; sourceTree = "<group>"; };
		1C535EC11AF8A2D2003FD0A0 /* map_start@2x.png */ = {isa = PBXFileReference; lastKnownFileType = image.png; path = "map_start@2x.png"; sourceTree = "<group>"; };
		1C53E5A81AF9ABFC00116E4C /* map_end.png */ = {isa = PBXFileReference; lastKnownFileType = image.png; path = map_end.png; sourceTree = "<group>"; };
		1C53E5A91AF9ABFC00116E4C /* map_end@2x.png */ = {isa = PBXFileReference; lastKnownFileType = image.png; path = "map_end@2x.png"; sourceTree = "<group>"; };
		1C53E5AA1AF9ABFC00116E4C /* milestone_on.png */ = {isa = PBXFileReference; lastKnownFileType = image.png; path = milestone_on.png; sourceTree = "<group>"; };
		1C53E5AB1AF9ABFC00116E4C /* milestone_on@2x.png */ = {isa = PBXFileReference; lastKnownFileType = image.png; path = "milestone_on@2x.png"; sourceTree = "<group>"; };
		1C53E5B01AF9B43300116E4C /* KilometerAnno.h */ = {isa = PBXFileReference; fileEncoding = 4; lastKnownFileType = sourcecode.c.h; path = KilometerAnno.h; sourceTree = "<group>"; };
		1C53E5B11AF9B43300116E4C /* KilometerAnno.m */ = {isa = PBXFileReference; fileEncoding = 4; lastKnownFileType = sourcecode.c.objc; path = KilometerAnno.m; sourceTree = "<group>"; };
		1C53E5B21AF9B43300116E4C /* KilometerAnotationView.h */ = {isa = PBXFileReference; fileEncoding = 4; lastKnownFileType = sourcecode.c.h; path = KilometerAnotationView.h; sourceTree = "<group>"; };
		1C53E5B31AF9B43300116E4C /* KilometerAnotationView.m */ = {isa = PBXFileReference; fileEncoding = 4; lastKnownFileType = sourcecode.c.objc; path = KilometerAnotationView.m; sourceTree = "<group>"; };
		1C53E5B61AF9BACC00116E4C /* iconfont-ditu@2x.png */ = {isa = PBXFileReference; lastKnownFileType = image.png; path = "iconfont-ditu@2x.png"; sourceTree = "<group>"; };
		1C53E5B71AF9BACC00116E4C /* iconfont-ditu@3x.png */ = {isa = PBXFileReference; lastKnownFileType = image.png; path = "iconfont-ditu@3x.png"; sourceTree = "<group>"; };
		1C53E5BA1AF9BE8500116E4C /* ly@2x.png */ = {isa = PBXFileReference; lastKnownFileType = image.png; path = "ly@2x.png"; sourceTree = "<group>"; };
		1C53E5BB1AF9BE8500116E4C /* ly@3x.png */ = {isa = PBXFileReference; lastKnownFileType = image.png; path = "ly@3x.png"; sourceTree = "<group>"; };
		1C53E5BC1AF9BE8500116E4C /* pin@2x.png */ = {isa = PBXFileReference; lastKnownFileType = image.png; path = "pin@2x.png"; sourceTree = "<group>"; };
		1C53E5BD1AF9BE8500116E4C /* pin@3x.png */ = {isa = PBXFileReference; lastKnownFileType = image.png; path = "pin@3x.png"; sourceTree = "<group>"; };
		1C65869F1B02FC49000B09FB /* NetUtils.h */ = {isa = PBXFileReference; fileEncoding = 4; lastKnownFileType = sourcecode.c.h; name = NetUtils.h; path = NetUitls/NetUtils.h; sourceTree = "<group>"; };
		1C6586A01B02FC49000B09FB /* NetUtils.m */ = {isa = PBXFileReference; fileEncoding = 4; lastKnownFileType = sourcecode.c.objc; name = NetUtils.m; path = NetUitls/NetUtils.m; sourceTree = "<group>"; };
		1C80EF771B0074A300D53552 /* iconfont-man@2x.png */ = {isa = PBXFileReference; lastKnownFileType = image.png; path = "iconfont-man@2x.png"; sourceTree = "<group>"; };
		1C80EF781B0074A300D53552 /* iconfont-man@3x.png */ = {isa = PBXFileReference; lastKnownFileType = image.png; path = "iconfont-man@3x.png"; sourceTree = "<group>"; };
		1C80EF7B1B007D0D00D53552 /* FriendListViewController.h */ = {isa = PBXFileReference; fileEncoding = 4; lastKnownFileType = sourcecode.c.h; path = FriendListViewController.h; sourceTree = "<group>"; };
		1C80EF7C1B007D0D00D53552 /* FriendListViewController.m */ = {isa = PBXFileReference; fileEncoding = 4; lastKnownFileType = sourcecode.c.objc; path = FriendListViewController.m; sourceTree = "<group>"; };
		1C97B9B91B05CDE8003BCF5C /* ProgressHUD.bundle */ = {isa = PBXFileReference; lastKnownFileType = "wrapper.plug-in"; path = ProgressHUD.bundle; sourceTree = "<group>"; };
		1C97B9BA1B05CDE8003BCF5C /* ProgressHUD.h */ = {isa = PBXFileReference; fileEncoding = 4; lastKnownFileType = sourcecode.c.h; path = ProgressHUD.h; sourceTree = "<group>"; };
		1C97B9BB1B05CDE8003BCF5C /* ProgressHUD.m */ = {isa = PBXFileReference; fileEncoding = 4; lastKnownFileType = sourcecode.c.objc; path = ProgressHUD.m; sourceTree = "<group>"; };
		1CB1EF3B1B01EBA7002DA496 /* LoginViewController.h */ = {isa = PBXFileReference; fileEncoding = 4; lastKnownFileType = sourcecode.c.h; path = LoginViewController.h; sourceTree = "<group>"; };
		1CB1EF3C1B01EBA7002DA496 /* LoginViewController.m */ = {isa = PBXFileReference; fileEncoding = 4; lastKnownFileType = sourcecode.c.objc; path = LoginViewController.m; sourceTree = "<group>"; };
		1CB1EF3E1B01EBEC002DA496 /* RegistViewController.h */ = {isa = PBXFileReference; fileEncoding = 4; lastKnownFileType = sourcecode.c.h; path = RegistViewController.h; sourceTree = "<group>"; };
		1CB1EF3F1B01EBEC002DA496 /* RegistViewController.m */ = {isa = PBXFileReference; fileEncoding = 4; lastKnownFileType = sourcecode.c.objc; path = RegistViewController.m; sourceTree = "<group>"; };
		1CB1EF411B01EEBE002DA496 /* login@2x.png */ = {isa = PBXFileReference; lastKnownFileType = image.png; path = "login@2x.png"; sourceTree = "<group>"; };
		1CB1EF421B01EEBE002DA496 /* login@3x.png */ = {isa = PBXFileReference; lastKnownFileType = image.png; path = "login@3x.png"; sourceTree = "<group>"; };
		1CB7A92E1B008ADB00995A4F /* signal_gray.png */ = {isa = PBXFileReference; lastKnownFileType = image.png; path = signal_gray.png; sourceTree = "<group>"; };
		1CB7A92F1B008ADB00995A4F /* signal_gray@2x.png */ = {isa = PBXFileReference; lastKnownFileType = image.png; path = "signal_gray@2x.png"; sourceTree = "<group>"; };
		1CB7A9301B008ADB00995A4F /* signal.png */ = {isa = PBXFileReference; lastKnownFileType = image.png; path = signal.png; sourceTree = "<group>"; };
		1CB7A9311B008ADB00995A4F /* signal@2x.png */ = {isa = PBXFileReference; lastKnownFileType = image.png; path = "signal@2x.png"; sourceTree = "<group>"; };
		1CB7A9421B008CDD00995A4F /* lanya_off@2x.png */ = {isa = PBXFileReference; lastKnownFileType = image.png; path = "lanya_off@2x.png"; sourceTree = "<group>"; };
		1CB7A9431B008CDD00995A4F /* lanya_off@3x.png */ = {isa = PBXFileReference; lastKnownFileType = image.png; path = "lanya_off@3x.png"; sourceTree = "<group>"; };
		1CB7A9441B008CDD00995A4F /* lanya_on@2x.png */ = {isa = PBXFileReference; lastKnownFileType = image.png; path = "lanya_on@2x.png"; sourceTree = "<group>"; };
		1CB7A9451B008CDD00995A4F /* lanya_on@3x.png */ = {isa = PBXFileReference; lastKnownFileType = image.png; path = "lanya_on@3x.png"; sourceTree = "<group>"; };
		1CB7A94D1B00AAF800995A4F /* BaseViewController.h */ = {isa = PBXFileReference; fileEncoding = 4; lastKnownFileType = sourcecode.c.h; path = BaseViewController.h; sourceTree = "<group>"; };
		1CB7A94E1B00AAF800995A4F /* BaseViewController.m */ = {isa = PBXFileReference; fileEncoding = 4; lastKnownFileType = sourcecode.c.objc; path = BaseViewController.m; sourceTree = "<group>"; };
		1CBA6ED91AF761210051BACB /* BLE.app */ = {isa = PBXFileReference; explicitFileType = wrapper.application; includeInIndex = 0; path = BLE.app; sourceTree = BUILT_PRODUCTS_DIR; };
		1CBA6EDD1AF761210051BACB /* Info.plist */ = {isa = PBXFileReference; lastKnownFileType = text.plist.xml; path = Info.plist; sourceTree = "<group>"; };
		1CBA6EDE1AF761210051BACB /* main.m */ = {isa = PBXFileReference; lastKnownFileType = sourcecode.c.objc; path = main.m; sourceTree = "<group>"; };
		1CBA6EE01AF761210051BACB /* AppDelegate.h */ = {isa = PBXFileReference; lastKnownFileType = sourcecode.c.h; path = AppDelegate.h; sourceTree = "<group>"; };
		1CBA6EE11AF761210051BACB /* AppDelegate.m */ = {isa = PBXFileReference; lastKnownFileType = sourcecode.c.objc; path = AppDelegate.m; sourceTree = "<group>"; };
		1CBA6EE31AF761210051BACB /* ViewController.h */ = {isa = PBXFileReference; lastKnownFileType = sourcecode.c.h; path = ViewController.h; sourceTree = "<group>"; };
		1CBA6EE41AF761210051BACB /* ViewController.m */ = {isa = PBXFileReference; lastKnownFileType = sourcecode.c.objc; path = ViewController.m; sourceTree = "<group>"; };
		1CBA6EE71AF761210051BACB /* Base */ = {isa = PBXFileReference; lastKnownFileType = file.storyboard; name = Base; path = Base.lproj/Main.storyboard; sourceTree = "<group>"; };
		1CBA6EE91AF761210051BACB /* Images.xcassets */ = {isa = PBXFileReference; lastKnownFileType = folder.assetcatalog; path = Images.xcassets; sourceTree = "<group>"; };
		1CBA6EEC1AF761210051BACB /* Base */ = {isa = PBXFileReference; lastKnownFileType = file.xib; name = Base; path = Base.lproj/LaunchScreen.xib; sourceTree = "<group>"; };
		1CBA6EF21AF761210051BACB /* BLETests.xctest */ = {isa = PBXFileReference; explicitFileType = wrapper.cfbundle; includeInIndex = 0; path = BLETests.xctest; sourceTree = BUILT_PRODUCTS_DIR; };
		1CBA6EF71AF761210051BACB /* Info.plist */ = {isa = PBXFileReference; lastKnownFileType = text.plist.xml; path = Info.plist; sourceTree = "<group>"; };
		1CBA6EF81AF761210051BACB /* BLETests.m */ = {isa = PBXFileReference; lastKnownFileType = sourcecode.c.objc; path = BLETests.m; sourceTree = "<group>"; };
		1CBA6F231AF764A80051BACB /* LocationThread.h */ = {isa = PBXFileReference; fileEncoding = 4; lastKnownFileType = sourcecode.c.h; path = LocationThread.h; sourceTree = "<group>"; };
		1CBA6F241AF764A80051BACB /* LocationThread.m */ = {isa = PBXFileReference; fileEncoding = 4; lastKnownFileType = sourcecode.c.objc; path = LocationThread.m; sourceTree = "<group>"; };
		1CBA6F271AF766EE0051BACB /* CLLocationManager+Block.h */ = {isa = PBXFileReference; fileEncoding = 4; lastKnownFileType = sourcecode.c.h; path = "CLLocationManager+Block.h"; sourceTree = "<group>"; };
		1CBA6F281AF766EE0051BACB /* CLLocationManager+Block.m */ = {isa = PBXFileReference; fileEncoding = 4; lastKnownFileType = sourcecode.c.objc; path = "CLLocationManager+Block.m"; sourceTree = "<group>"; };
		1CBA6F2A1AF767840051BACB /* config.h */ = {isa = PBXFileReference; fileEncoding = 4; lastKnownFileType = sourcecode.c.h; path = config.h; sourceTree = "<group>"; };
		1CBA6F2B1AF767C60051BACB /* iOSBlocksProtocol.h */ = {isa = PBXFileReference; fileEncoding = 4; lastKnownFileType = sourcecode.c.h; path = iOSBlocksProtocol.h; sourceTree = "<group>"; };
		1CBA6F2D1AF768E30051BACB /* BLE-Prefix.pch */ = {isa = PBXFileReference; fileEncoding = 4; lastKnownFileType = sourcecode.c.h; name = "BLE-Prefix.pch"; path = "BLE/BLE-Prefix.pch"; sourceTree = "<group>"; };
		1CBA6F2E1AF7750F0051BACB /* KANullInputSource.h */ = {isa = PBXFileReference; fileEncoding = 4; lastKnownFileType = sourcecode.c.h; path = KANullInputSource.h; sourceTree = "<group>"; };
		1CBA6F2F1AF7750F0051BACB /* KANullInputSource.m */ = {isa = PBXFileReference; fileEncoding = 4; lastKnownFileType = sourcecode.c.objc; path = KANullInputSource.m; sourceTree = "<group>"; };
		1CBA6F321AF775760051BACB /* CSqlite.h */ = {isa = PBXFileReference; fileEncoding = 4; lastKnownFileType = sourcecode.c.h; path = CSqlite.h; sourceTree = "<group>"; };
		1CBA6F331AF775760051BACB /* CSqlite.m */ = {isa = PBXFileReference; fileEncoding = 4; lastKnownFileType = sourcecode.c.objc; path = CSqlite.m; sourceTree = "<group>"; };
		1CBA6F341AF775760051BACB /* gps.db */ = {isa = PBXFileReference; lastKnownFileType = file; path = gps.db; sourceTree = "<group>"; };
		1CBA6F351AF775760051BACB /* sqlite3.c */ = {isa = PBXFileReference; fileEncoding = 4; lastKnownFileType = sourcecode.c.c; path = sqlite3.c; sourceTree = "<group>"; };
		1CBA6F361AF775760051BACB /* sqlite3.h */ = {isa = PBXFileReference; fileEncoding = 4; lastKnownFileType = sourcecode.c.h; path = sqlite3.h; sourceTree = "<group>"; };
		1CBA6F371AF775760051BACB /* sqlite3ext.h */ = {isa = PBXFileReference; fileEncoding = 4; lastKnownFileType = sourcecode.c.h; path = sqlite3ext.h; sourceTree = "<group>"; };
		1CC0F6921AFC583000D25722 /* SinoNetUtils.h */ = {isa = PBXFileReference; fileEncoding = 4; lastKnownFileType = sourcecode.c.h; name = SinoNetUtils.h; path = NetUitls/SinoNetUtils.h; sourceTree = "<group>"; };
		1CC0F6931AFC583000D25722 /* SinoNetUtils.m */ = {isa = PBXFileReference; fileEncoding = 4; lastKnownFileType = sourcecode.c.objc; name = SinoNetUtils.m; path = NetUitls/SinoNetUtils.m; sourceTree = "<group>"; };
		23743517C035308B3D9FC028 /* Pods.release.xcconfig */ = {isa = PBXFileReference; includeInIndex = 1; lastKnownFileType = text.xcconfig; name = Pods.release.xcconfig; path = "Pods/Target Support Files/Pods/Pods.release.xcconfig"; sourceTree = "<group>"; };
		B54703B77E0D2EA4E18B5805 /* Pods.debug.xcconfig */ = {isa = PBXFileReference; includeInIndex = 1; lastKnownFileType = text.xcconfig; name = Pods.debug.xcconfig; path = "Pods/Target Support Files/Pods/Pods.debug.xcconfig"; sourceTree = "<group>"; };
		F4BC9028DE1DDB517D1770B8 /* libPods.a */ = {isa = PBXFileReference; explicitFileType = archive.ar; includeInIndex = 0; path = libPods.a; sourceTree = BUILT_PRODUCTS_DIR; };
/* End PBXFileReference section */

/* Begin PBXFrameworksBuildPhase section */
		1CBA6ED61AF761210051BACB /* Frameworks */ = {
			isa = PBXFrameworksBuildPhase;
			buildActionMask = 2147483647;
			files = (
				0BD544420DA26061FA92B1AE /* libPods.a in Frameworks */,
			);
			runOnlyForDeploymentPostprocessing = 0;
		};
		1CBA6EEF1AF761210051BACB /* Frameworks */ = {
			isa = PBXFrameworksBuildPhase;
			buildActionMask = 2147483647;
			files = (
			);
			runOnlyForDeploymentPostprocessing = 0;
		};
/* End PBXFrameworksBuildPhase section */

/* Begin PBXGroup section */
		1C267B0C1AF8B8A800D940FC /* NSFileManager */ = {
			isa = PBXGroup;
			children = (
				1C267B0D1AF8B8A800D940FC /* FileManager.h */,
				1C267B0E1AF8B8A800D940FC /* FileManager.m */,
			);
			path = NSFileManager;
			sourceTree = "<group>";
		};
		1C535E271AF85B94003FD0A0 /* NSTimer */ = {
			isa = PBXGroup;
			children = (
				1C535E281AF85B94003FD0A0 /* CSPausibleTimer.h */,
				1C535E291AF85B94003FD0A0 /* CSPausibleTimer.m */,
				1C535E2A1AF85B94003FD0A0 /* NSTimer+Extension.h */,
				1C535E2B1AF85B94003FD0A0 /* NSTimer+Extension.m */,
			);
			path = NSTimer;
			sourceTree = "<group>";
		};
		1C535E2E1AF85D84003FD0A0 /* TabViewController */ = {
			isa = PBXGroup;
			children = (
				1C535E2F1AF85D9E003FD0A0 /* Tab1ViewController.h */,
				1C535E301AF85D9E003FD0A0 /* Tab1ViewController.m */,
				1C535E321AF85DBB003FD0A0 /* Tab2ViewController.h */,
				1C535E331AF85DBB003FD0A0 /* Tab2ViewController.m */,
			);
			path = TabViewController;
			sourceTree = "<group>";
		};
		1C535E351AF85FCF003FD0A0 /* CustomCell */ = {
			isa = PBXGroup;
			children = (
				1C535E361AF86024003FD0A0 /* Tab1Cell.h */,
				1C535E371AF86024003FD0A0 /* Tab1Cell.m */,
				1C535E381AF86024003FD0A0 /* Tab1Cell.xib */,
			);
			path = CustomCell;
			sourceTree = "<group>";
		};
		1C535E451AF87519003FD0A0 /* Map */ = {
			isa = PBXGroup;
			children = (
				1C53E5B01AF9B43300116E4C /* KilometerAnno.h */,
				1C53E5B11AF9B43300116E4C /* KilometerAnno.m */,
				1C53E5B21AF9B43300116E4C /* KilometerAnotationView.h */,
				1C53E5B31AF9B43300116E4C /* KilometerAnotationView.m */,
				1C535E461AF87519003FD0A0 /* MapPoint.h */,
				1C535E471AF87519003FD0A0 /* MapPoint.m */,
				1C535E481AF87519003FD0A0 /* MapViewController.h */,
				1C535E491AF87519003FD0A0 /* MapViewController.m */,
				1C535E4A1AF87519003FD0A0 /* MyMapView.h */,
				1C535E4B1AF87519003FD0A0 /* MyMapView.m */,
			);
			path = Map;
			sourceTree = "<group>";
		};
		1C535E4F1AF87535003FD0A0 /* SecondViewController */ = {
			isa = PBXGroup;
			children = (
				1C80EF7B1B007D0D00D53552 /* FriendListViewController.h */,
				1C80EF7C1B007D0D00D53552 /* FriendListViewController.m */,
			);
			path = SecondViewController;
			sourceTree = "<group>";
		};
		1C535EBF1AF8A2D2003FD0A0 /* image */ = {
			isa = PBXGroup;
			children = (
				1CB1EF411B01EEBE002DA496 /* login@2x.png */,
				1CB1EF421B01EEBE002DA496 /* login@3x.png */,
				1CB7A9421B008CDD00995A4F /* lanya_off@2x.png */,
				1CB7A9431B008CDD00995A4F /* lanya_off@3x.png */,
				1CB7A9441B008CDD00995A4F /* lanya_on@2x.png */,
				1CB7A9451B008CDD00995A4F /* lanya_on@3x.png */,
				1CB7A92E1B008ADB00995A4F /* signal_gray.png */,
				1CB7A92F1B008ADB00995A4F /* signal_gray@2x.png */,
				1CB7A9301B008ADB00995A4F /* signal.png */,
				1CB7A9311B008ADB00995A4F /* signal@2x.png */,
				1C80EF771B0074A300D53552 /* iconfont-man@2x.png */,
				1C80EF781B0074A300D53552 /* iconfont-man@3x.png */,
				1C53E5BA1AF9BE8500116E4C /* ly@2x.png */,
				1C53E5BB1AF9BE8500116E4C /* ly@3x.png */,
				1C53E5BC1AF9BE8500116E4C /* pin@2x.png */,
				1C53E5BD1AF9BE8500116E4C /* pin@3x.png */,
				1C53E5B61AF9BACC00116E4C /* iconfont-ditu@2x.png */,
				1C53E5B71AF9BACC00116E4C /* iconfont-ditu@3x.png */,
				1C53E5A81AF9ABFC00116E4C /* map_end.png */,
				1C53E5A91AF9ABFC00116E4C /* map_end@2x.png */,
				1C53E5AA1AF9ABFC00116E4C /* milestone_on.png */,
				1C53E5AB1AF9ABFC00116E4C /* milestone_on@2x.png */,
				1C535EC01AF8A2D2003FD0A0 /* map_start.png */,
				1C535EC11AF8A2D2003FD0A0 /* map_start@2x.png */,
			);
			name = image;
			path = BLE/image;
			sourceTree = "<group>";
		};
		1C97B9B81B05CDE8003BCF5C /* ProgressHUD */ = {
			isa = PBXGroup;
			children = (
				1C97B9B91B05CDE8003BCF5C /* ProgressHUD.bundle */,
				1C97B9BA1B05CDE8003BCF5C /* ProgressHUD.h */,
				1C97B9BB1B05CDE8003BCF5C /* ProgressHUD.m */,
			);
			path = ProgressHUD;
			sourceTree = "<group>";
		};
		1CB1EF3A1B01EB9E002DA496 /* Base */ = {
			isa = PBXGroup;
			children = (
				1CB1EF3B1B01EBA7002DA496 /* LoginViewController.h */,
				1CB1EF3C1B01EBA7002DA496 /* LoginViewController.m */,
				1CB1EF3E1B01EBEC002DA496 /* RegistViewController.h */,
				1CB1EF3F1B01EBEC002DA496 /* RegistViewController.m */,
			);
			name = Base;
			path = BLE/Base;
			sourceTree = "<group>";
		};
		1CB7A94C1B00AAEB00995A4F /* model */ = {
			isa = PBXGroup;
			children = (
				1CB7A94D1B00AAF800995A4F /* BaseViewController.h */,
				1CB7A94E1B00AAF800995A4F /* BaseViewController.m */,
			);
			name = model;
			path = BLE/model;
			sourceTree = "<group>";
		};
		1CBA6ED01AF761200051BACB = {
			isa = PBXGroup;
			children = (
				1CB1EF3A1B01EB9E002DA496 /* Base */,
				1CB7A94C1B00AAEB00995A4F /* model */,
				1C4341621AFDE34D00C1AC3B /* icon */,
				1C535EBF1AF8A2D2003FD0A0 /* image */,
				1CBA6F2D1AF768E30051BACB /* BLE-Prefix.pch */,
				1CBA6EDB1AF761210051BACB /* BLE */,
				1CBA6EF51AF761210051BACB /* BLETests */,
				1CBA6EDA1AF761210051BACB /* Products */,
				97F43C4E4161D8F4EFFB59AB /* Pods */,
				3C062E097B1D35644B6070C8 /* Frameworks */,
			);
			sourceTree = "<group>";
		};
		1CBA6EDA1AF761210051BACB /* Products */ = {
			isa = PBXGroup;
			children = (
				1CBA6ED91AF761210051BACB /* BLE.app */,
				1CBA6EF21AF761210051BACB /* BLETests.xctest */,
			);
			name = Products;
			sourceTree = "<group>";
		};
		1CBA6EDB1AF761210051BACB /* BLE */ = {
			isa = PBXGroup;
			children = (
				1C535E4F1AF87535003FD0A0 /* SecondViewController */,
				1C535E451AF87519003FD0A0 /* Map */,
				1C535E351AF85FCF003FD0A0 /* CustomCell */,
				1C535E2E1AF85D84003FD0A0 /* TabViewController */,
				1CBA6F221AF764830051BACB /* Thread */,
				1CBA6F021AF7616D0051BACB /* ThirdKit */,
				1CBA6EE01AF761210051BACB /* AppDelegate.h */,
				1CBA6EE11AF761210051BACB /* AppDelegate.m */,
				1CBA6EE31AF761210051BACB /* ViewController.h */,
				1CBA6EE41AF761210051BACB /* ViewController.m */,
				1CBA6EE61AF761210051BACB /* Main.storyboard */,
				1CBA6EE91AF761210051BACB /* Images.xcassets */,
				1CBA6EEB1AF761210051BACB /* LaunchScreen.xib */,
				1CBA6EDC1AF761210051BACB /* Supporting Files */,
			);
			path = BLE;
			sourceTree = "<group>";
		};
		1CBA6EDC1AF761210051BACB /* Supporting Files */ = {
			isa = PBXGroup;
			children = (
				1CBA6EDD1AF761210051BACB /* Info.plist */,
				1CBA6EDE1AF761210051BACB /* main.m */,
			);
			name = "Supporting Files";
			sourceTree = "<group>";
		};
		1CBA6EF51AF761210051BACB /* BLETests */ = {
			isa = PBXGroup;
			children = (
				1CBA6EF81AF761210051BACB /* BLETests.m */,
				1CBA6EF61AF761210051BACB /* Supporting Files */,
			);
			path = BLETests;
			sourceTree = "<group>";
		};
		1CBA6EF61AF761210051BACB /* Supporting Files */ = {
			isa = PBXGroup;
			children = (
				1CBA6EF71AF761210051BACB /* Info.plist */,
			);
			name = "Supporting Files";
			sourceTree = "<group>";
		};
		1CBA6F021AF7616D0051BACB /* ThirdKit */ = {
			isa = PBXGroup;
			children = (
				1C97B9B81B05CDE8003BCF5C /* ProgressHUD */,
				1CC0F6911AFC581600D25722 /* NetUtils */,
				1C267B0C1AF8B8A800D940FC /* NSFileManager */,
				1C535E271AF85B94003FD0A0 /* NSTimer */,
				1CBA6F311AF775760051BACB /* Sqlite */,
				1CBA6F2A1AF767840051BACB /* config.h */,
				1CBA6F261AF766EE0051BACB /* CoreLocation */,
				1CBA6F031AF7616D0051BACB /* bluetooth */,
			);
			path = ThirdKit;
			sourceTree = "<group>";
		};
		1CBA6F031AF7616D0051BACB /* bluetooth */ = {
			isa = PBXGroup;
			children = (
				1C43414C1AFDBE5900C1AC3B /* BlocksBluetoothDefinitions.h */,
				1C43414D1AFDBE5900C1AC3B /* CBCentralManager+Blocks.h */,
				1C43414E1AFDBE5900C1AC3B /* CBCentralManager+Blocks.m */,
				1C43414F1AFDBE5900C1AC3B /* CBCentralManager+Debug.h */,
				1C4341501AFDBE5900C1AC3B /* CBCentralManager+Debug.m */,
				1C4341511AFDBE5900C1AC3B /* CBCharacteristic+Debug.h */,
				1C4341521AFDBE5900C1AC3B /* CBCharacteristic+Debug.m */,
				1C4341531AFDBE5900C1AC3B /* CBPeripheral+Blocks.h */,
				1C4341541AFDBE5900C1AC3B /* CBPeripheral+Blocks.m */,
				1C4341551AFDBE5900C1AC3B /* CBPeripheral+Debug.h */,
				1C4341561AFDBE5900C1AC3B /* CBPeripheral+Debug.m */,
				1C4341571AFDBE5900C1AC3B /* CBPeripheralManager+Blocks.h */,
				1C4341581AFDBE5900C1AC3B /* CBPeripheralManager+Blocks.m */,
				1C4341591AFDBE5900C1AC3B /* CBPeripheralManager+Debug.h */,
				1C43415A1AFDBE5900C1AC3B /* CBPeripheralManager+Debug.m */,
			);
			path = bluetooth;
			sourceTree = "<group>";
		};
		1CBA6F221AF764830051BACB /* Thread */ = {
			isa = PBXGroup;
			children = (
				1CBA6F2E1AF7750F0051BACB /* KANullInputSource.h */,
				1CBA6F2F1AF7750F0051BACB /* KANullInputSource.m */,
				1CBA6F231AF764A80051BACB /* LocationThread.h */,
				1CBA6F241AF764A80051BACB /* LocationThread.m */,
			);
			path = Thread;
			sourceTree = "<group>";
		};
		1CBA6F261AF766EE0051BACB /* CoreLocation */ = {
			isa = PBXGroup;
			children = (
				1CBA6F2B1AF767C60051BACB /* iOSBlocksProtocol.h */,
				1CBA6F271AF766EE0051BACB /* CLLocationManager+Block.h */,
				1CBA6F281AF766EE0051BACB /* CLLocationManager+Block.m */,
			);
			path = CoreLocation;
			sourceTree = "<group>";
		};
		1CBA6F311AF775760051BACB /* Sqlite */ = {
			isa = PBXGroup;
			children = (
				1CBA6F321AF775760051BACB /* CSqlite.h */,
				1CBA6F331AF775760051BACB /* CSqlite.m */,
				1CBA6F341AF775760051BACB /* gps.db */,
				1CBA6F351AF775760051BACB /* sqlite3.c */,
				1CBA6F361AF775760051BACB /* sqlite3.h */,
				1CBA6F371AF775760051BACB /* sqlite3ext.h */,
			);
			path = Sqlite;
			sourceTree = "<group>";
		};
		1CC0F6911AFC581600D25722 /* NetUtils */ = {
			isa = PBXGroup;
			children = (
				1CC0F6921AFC583000D25722 /* SinoNetUtils.h */,
				1CC0F6931AFC583000D25722 /* SinoNetUtils.m */,
				1C65869F1B02FC49000B09FB /* NetUtils.h */,
				1C6586A01B02FC49000B09FB /* NetUtils.m */,
			);
			name = NetUtils;
			sourceTree = "<group>";
		};
		3C062E097B1D35644B6070C8 /* Frameworks */ = {
			isa = PBXGroup;
			children = (
				F4BC9028DE1DDB517D1770B8 /* libPods.a */,
			);
			name = Frameworks;
			sourceTree = "<group>";
		};
		97F43C4E4161D8F4EFFB59AB /* Pods */ = {
			isa = PBXGroup;
			children = (
				B54703B77E0D2EA4E18B5805 /* Pods.debug.xcconfig */,
				23743517C035308B3D9FC028 /* Pods.release.xcconfig */,
			);
			name = Pods;
			sourceTree = "<group>";
		};
/* End PBXGroup section */

/* Begin PBXNativeTarget section */
		1CBA6ED81AF761210051BACB /* BLE */ = {
			isa = PBXNativeTarget;
			buildConfigurationList = 1CBA6EFC1AF761210051BACB /* Build configuration list for PBXNativeTarget "BLE" */;
			buildPhases = (
				B7E2A04E9FEFD4DBEDDA1484 /* Check Pods Manifest.lock */,
				1CBA6ED51AF761210051BACB /* Sources */,
				1CBA6ED61AF761210051BACB /* Frameworks */,
				1CBA6ED71AF761210051BACB /* Resources */,
				9B01743C6873B54D3A74BEFF /* Copy Pods Resources */,
			);
			buildRules = (
			);
			dependencies = (
			);
			name = BLE;
			productName = BLE;
			productReference = 1CBA6ED91AF761210051BACB /* BLE.app */;
			productType = "com.apple.product-type.application";
		};
		1CBA6EF11AF761210051BACB /* BLETests */ = {
			isa = PBXNativeTarget;
			buildConfigurationList = 1CBA6EFF1AF761210051BACB /* Build configuration list for PBXNativeTarget "BLETests" */;
			buildPhases = (
				1CBA6EEE1AF761210051BACB /* Sources */,
				1CBA6EEF1AF761210051BACB /* Frameworks */,
				1CBA6EF01AF761210051BACB /* Resources */,
			);
			buildRules = (
			);
			dependencies = (
				1CBA6EF41AF761210051BACB /* PBXTargetDependency */,
			);
			name = BLETests;
			productName = BLETests;
			productReference = 1CBA6EF21AF761210051BACB /* BLETests.xctest */;
			productType = "com.apple.product-type.bundle.unit-test";
		};
/* End PBXNativeTarget section */

/* Begin PBXProject section */
		1CBA6ED11AF761200051BACB /* Project object */ = {
			isa = PBXProject;
			attributes = {
				LastUpgradeCheck = 0610;
				ORGANIZATIONNAME = ZKR;
				TargetAttributes = {
					1CBA6ED81AF761210051BACB = {
						CreatedOnToolsVersion = 6.1.1;
						DevelopmentTeam = SQ5LJTFH45;
					};
					1CBA6EF11AF761210051BACB = {
						CreatedOnToolsVersion = 6.1.1;
						TestTargetID = 1CBA6ED81AF761210051BACB;
					};
				};
			};
			buildConfigurationList = 1CBA6ED41AF761200051BACB /* Build configuration list for PBXProject "BLE" */;
			compatibilityVersion = "Xcode 3.2";
			developmentRegion = English;
			hasScannedForEncodings = 0;
			knownRegions = (
				en,
				Base,
			);
			mainGroup = 1CBA6ED01AF761200051BACB;
			productRefGroup = 1CBA6EDA1AF761210051BACB /* Products */;
			projectDirPath = "";
			projectRoot = "";
			targets = (
				1CBA6ED81AF761210051BACB /* BLE */,
				1CBA6EF11AF761210051BACB /* BLETests */,
			);
		};
/* End PBXProject section */

/* Begin PBXResourcesBuildPhase section */
		1CBA6ED71AF761210051BACB /* Resources */ = {
			isa = PBXResourcesBuildPhase;
			buildActionMask = 2147483647;
			files = (
				1CBA6EE81AF761210051BACB /* Main.storyboard in Resources */,
				1CBA6EED1AF761210051BACB /* LaunchScreen.xib in Resources */,
				1C80EF7A1B0074A300D53552 /* iconfont-man@3x.png in Resources */,
				1CBA6F391AF775760051BACB /* gps.db in Resources */,
				1C53E5AF1AF9ABFC00116E4C /* milestone_on@2x.png in Resources */,
				1C53E5C01AF9BE8500116E4C /* pin@2x.png in Resources */,
				1C53E5AC1AF9ABFC00116E4C /* map_end.png in Resources */,
				1C535E3A1AF86024003FD0A0 /* Tab1Cell.xib in Resources */,
				1C4341631AFDE34D00C1AC3B /* icon in Resources */,
				1CB7A9461B008CDD00995A4F /* lanya_off@2x.png in Resources */,
				1C53E5C11AF9BE8500116E4C /* pin@3x.png in Resources */,
				1CB1EF441B01EEBE002DA496 /* login@3x.png in Resources */,
				1C53E5B91AF9BACC00116E4C /* iconfont-ditu@3x.png in Resources */,
				1CB7A9381B008ADB00995A4F /* signal.png in Resources */,
				1C535EC31AF8A2D2003FD0A0 /* map_start@2x.png in Resources */,
				1CB7A9391B008ADB00995A4F /* signal@2x.png in Resources */,
				1CB7A9371B008ADB00995A4F /* signal_gray@2x.png in Resources */,
				1C53E5BF1AF9BE8500116E4C /* ly@3x.png in Resources */,
				1CB7A9471B008CDD00995A4F /* lanya_off@3x.png in Resources */,
				1CB7A9481B008CDD00995A4F /* lanya_on@2x.png in Resources */,
				1C53E5BE1AF9BE8500116E4C /* ly@2x.png in Resources */,
				1CB1EF431B01EEBE002DA496 /* login@2x.png in Resources */,
				1C53E5B81AF9BACC00116E4C /* iconfont-ditu@2x.png in Resources */,
				1CBA6EEA1AF761210051BACB /* Images.xcassets in Resources */,
				1CB7A9491B008CDD00995A4F /* lanya_on@3x.png in Resources */,
				1C97B9BC1B05CDE8003BCF5C /* ProgressHUD.bundle in Resources */,
				1C53E5AD1AF9ABFC00116E4C /* map_end@2x.png in Resources */,
				1C80EF791B0074A300D53552 /* iconfont-man@2x.png in Resources */,
				1C53E5AE1AF9ABFC00116E4C /* milestone_on.png in Resources */,
				1C535EC21AF8A2D2003FD0A0 /* map_start.png in Resources */,
				1CB7A9361B008ADB00995A4F /* signal_gray.png in Resources */,
			);
			runOnlyForDeploymentPostprocessing = 0;
		};
		1CBA6EF01AF761210051BACB /* Resources */ = {
			isa = PBXResourcesBuildPhase;
			buildActionMask = 2147483647;
			files = (
			);
			runOnlyForDeploymentPostprocessing = 0;
		};
/* End PBXResourcesBuildPhase section */

/* Begin PBXShellScriptBuildPhase section */
		9B01743C6873B54D3A74BEFF /* Copy Pods Resources */ = {
			isa = PBXShellScriptBuildPhase;
			buildActionMask = 2147483647;
			files = (
			);
			inputPaths = (
			);
			name = "Copy Pods Resources";
			outputPaths = (
			);
			runOnlyForDeploymentPostprocessing = 0;
			shellPath = /bin/sh;
			shellScript = "\"${SRCROOT}/Pods/Target Support Files/Pods/Pods-resources.sh\"\n";
			showEnvVarsInLog = 0;
		};
		B7E2A04E9FEFD4DBEDDA1484 /* Check Pods Manifest.lock */ = {
			isa = PBXShellScriptBuildPhase;
			buildActionMask = 2147483647;
			files = (
			);
			inputPaths = (
			);
			name = "Check Pods Manifest.lock";
			outputPaths = (
			);
			runOnlyForDeploymentPostprocessing = 0;
			shellPath = /bin/sh;
			shellScript = "diff \"${PODS_ROOT}/../Podfile.lock\" \"${PODS_ROOT}/Manifest.lock\" > /dev/null\nif [[ $? != 0 ]] ; then\n    cat << EOM\nerror: The sandbox is not in sync with the Podfile.lock. Run 'pod install' or update your CocoaPods installation.\nEOM\n    exit 1\nfi\n";
			showEnvVarsInLog = 0;
		};
/* End PBXShellScriptBuildPhase section */

/* Begin PBXSourcesBuildPhase section */
		1CBA6ED51AF761210051BACB /* Sources */ = {
			isa = PBXSourcesBuildPhase;
			buildActionMask = 2147483647;
			files = (
				1C80EF7D1B007D0D00D53552 /* FriendListViewController.m in Sources */,
				1CBA6F301AF7750F0051BACB /* KANullInputSource.m in Sources */,
				1CC0F6941AFC583000D25722 /* SinoNetUtils.m in Sources */,
				1C43415E1AFDBE5900C1AC3B /* CBPeripheral+Blocks.m in Sources */,
				1C43415B1AFDBE5900C1AC3B /* CBCentralManager+Blocks.m in Sources */,
				1CB7A94F1B00AAF800995A4F /* BaseViewController.m in Sources */,
				1C97B9BD1B05CDE8003BCF5C /* ProgressHUD.m in Sources */,
				1C53E5B41AF9B43300116E4C /* KilometerAnno.m in Sources */,
				1C535E391AF86024003FD0A0 /* Tab1Cell.m in Sources */,
				1C53E5B51AF9B43300116E4C /* KilometerAnotationView.m in Sources */,
				1CBA6F3A1AF775760051BACB /* sqlite3.c in Sources */,
				1CBA6F381AF775760051BACB /* CSqlite.m in Sources */,
				1C535E2C1AF85B94003FD0A0 /* CSPausibleTimer.m in Sources */,
				1C535E341AF85DBB003FD0A0 /* Tab2ViewController.m in Sources */,
				1CBA6EE51AF761210051BACB /* ViewController.m in Sources */,
				1CB1EF3D1B01EBA7002DA496 /* LoginViewController.m in Sources */,
				1C535E311AF85D9E003FD0A0 /* Tab1ViewController.m in Sources */,
				1C535E4E1AF87519003FD0A0 /* MyMapView.m in Sources */,
				1C535E2D1AF85B94003FD0A0 /* NSTimer+Extension.m in Sources */,
				1C4341611AFDBE5900C1AC3B /* CBPeripheralManager+Debug.m in Sources */,
				1CBA6EE21AF761210051BACB /* AppDelegate.m in Sources */,
				1C4341601AFDBE5900C1AC3B /* CBPeripheralManager+Blocks.m in Sources */,
				1C43415D1AFDBE5900C1AC3B /* CBCharacteristic+Debug.m in Sources */,
				1C535E4D1AF87519003FD0A0 /* MapViewController.m in Sources */,
				1CB1EF401B01EBEC002DA496 /* RegistViewController.m in Sources */,
				1CBA6F251AF764A80051BACB /* LocationThread.m in Sources */,
				1CBA6EDF1AF761210051BACB /* main.m in Sources */,
				1CBA6F291AF766EE0051BACB /* CLLocationManager+Block.m in Sources */,
				1C535E4C1AF87519003FD0A0 /* MapPoint.m in Sources */,
				1C43415F1AFDBE5900C1AC3B /* CBPeripheral+Debug.m in Sources */,
				1C6586A11B02FC49000B09FB /* NetUtils.m in Sources */,
				1C43415C1AFDBE5900C1AC3B /* CBCentralManager+Debug.m in Sources */,
				1C267B0F1AF8B8A800D940FC /* FileManager.m in Sources */,
			);
			runOnlyForDeploymentPostprocessing = 0;
		};
		1CBA6EEE1AF761210051BACB /* Sources */ = {
			isa = PBXSourcesBuildPhase;
			buildActionMask = 2147483647;
			files = (
				1CBA6EF91AF761210051BACB /* BLETests.m in Sources */,
			);
			runOnlyForDeploymentPostprocessing = 0;
		};
/* End PBXSourcesBuildPhase section */

/* Begin PBXTargetDependency section */
		1CBA6EF41AF761210051BACB /* PBXTargetDependency */ = {
			isa = PBXTargetDependency;
			target = 1CBA6ED81AF761210051BACB /* BLE */;
			targetProxy = 1CBA6EF31AF761210051BACB /* PBXContainerItemProxy */;
		};
/* End PBXTargetDependency section */

/* Begin PBXVariantGroup section */
		1CBA6EE61AF761210051BACB /* Main.storyboard */ = {
			isa = PBXVariantGroup;
			children = (
				1CBA6EE71AF761210051BACB /* Base */,
			);
			name = Main.storyboard;
			sourceTree = "<group>";
		};
		1CBA6EEB1AF761210051BACB /* LaunchScreen.xib */ = {
			isa = PBXVariantGroup;
			children = (
				1CBA6EEC1AF761210051BACB /* Base */,
			);
			name = LaunchScreen.xib;
			sourceTree = "<group>";
		};
/* End PBXVariantGroup section */

/* Begin XCBuildConfiguration section */
		1CBA6EFA1AF761210051BACB /* Debug */ = {
			isa = XCBuildConfiguration;
			buildSettings = {
				ALWAYS_SEARCH_USER_PATHS = NO;
				CLANG_CXX_LANGUAGE_STANDARD = "gnu++0x";
				CLANG_CXX_LIBRARY = "libc++";
				CLANG_ENABLE_MODULES = YES;
				CLANG_ENABLE_OBJC_ARC = YES;
				CLANG_WARN_BOOL_CONVERSION = YES;
				CLANG_WARN_CONSTANT_CONVERSION = YES;
				CLANG_WARN_DIRECT_OBJC_ISA_USAGE = YES_ERROR;
				CLANG_WARN_EMPTY_BODY = YES;
				CLANG_WARN_ENUM_CONVERSION = YES;
				CLANG_WARN_INT_CONVERSION = YES;
				CLANG_WARN_OBJC_ROOT_CLASS = YES_ERROR;
				CLANG_WARN_UNREACHABLE_CODE = YES;
				CLANG_WARN__DUPLICATE_METHOD_MATCH = YES;
				CODE_SIGN_IDENTITY = "iPhone Developer: peng yuan (HLE9E7RHAC)";
				"CODE_SIGN_IDENTITY[sdk=iphoneos*]" = "iPhone Developer: peng yuan (HLE9E7RHAC)";
				COPY_PHASE_STRIP = NO;
				ENABLE_STRICT_OBJC_MSGSEND = YES;
				GCC_C_LANGUAGE_STANDARD = gnu99;
				GCC_DYNAMIC_NO_PIC = NO;
				GCC_OPTIMIZATION_LEVEL = 0;
				GCC_PREPROCESSOR_DEFINITIONS = (
					"DEBUG=1",
					"$(inherited)",
				);
				GCC_SYMBOLS_PRIVATE_EXTERN = NO;
				GCC_WARN_64_TO_32_BIT_CONVERSION = YES;
				GCC_WARN_ABOUT_RETURN_TYPE = YES_ERROR;
				GCC_WARN_UNDECLARED_SELECTOR = YES;
				GCC_WARN_UNINITIALIZED_AUTOS = YES_AGGRESSIVE;
				GCC_WARN_UNUSED_FUNCTION = YES;
				GCC_WARN_UNUSED_VARIABLE = YES;
				IPHONEOS_DEPLOYMENT_TARGET = 8.1;
				MTL_ENABLE_DEBUG_INFO = YES;
				ONLY_ACTIVE_ARCH = YES;
				PROVISIONING_PROFILE = "05679eb7-ddd6-4d6d-b58b-96da3140cf93";
				SDKROOT = iphoneos;
				TARGETED_DEVICE_FAMILY = "1,2";
			};
			name = Debug;
		};
		1CBA6EFB1AF761210051BACB /* Release */ = {
			isa = XCBuildConfiguration;
			buildSettings = {
				ALWAYS_SEARCH_USER_PATHS = NO;
				CLANG_CXX_LANGUAGE_STANDARD = "gnu++0x";
				CLANG_CXX_LIBRARY = "libc++";
				CLANG_ENABLE_MODULES = YES;
				CLANG_ENABLE_OBJC_ARC = YES;
				CLANG_WARN_BOOL_CONVERSION = YES;
				CLANG_WARN_CONSTANT_CONVERSION = YES;
				CLANG_WARN_DIRECT_OBJC_ISA_USAGE = YES_ERROR;
				CLANG_WARN_EMPTY_BODY = YES;
				CLANG_WARN_ENUM_CONVERSION = YES;
				CLANG_WARN_INT_CONVERSION = YES;
				CLANG_WARN_OBJC_ROOT_CLASS = YES_ERROR;
				CLANG_WARN_UNREACHABLE_CODE = YES;
				CLANG_WARN__DUPLICATE_METHOD_MATCH = YES;
				CODE_SIGN_IDENTITY = "iPhone Developer: peng yuan (HLE9E7RHAC)";
				"CODE_SIGN_IDENTITY[sdk=iphoneos*]" = "iPhone Developer: peng yuan (HLE9E7RHAC)";
				COPY_PHASE_STRIP = YES;
				ENABLE_NS_ASSERTIONS = NO;
				ENABLE_STRICT_OBJC_MSGSEND = YES;
				GCC_C_LANGUAGE_STANDARD = gnu99;
				GCC_WARN_64_TO_32_BIT_CONVERSION = YES;
				GCC_WARN_ABOUT_RETURN_TYPE = YES_ERROR;
				GCC_WARN_UNDECLARED_SELECTOR = YES;
				GCC_WARN_UNINITIALIZED_AUTOS = YES_AGGRESSIVE;
				GCC_WARN_UNUSED_FUNCTION = YES;
				GCC_WARN_UNUSED_VARIABLE = YES;
				IPHONEOS_DEPLOYMENT_TARGET = 8.1;
				MTL_ENABLE_DEBUG_INFO = NO;
				PROVISIONING_PROFILE = "05679eb7-ddd6-4d6d-b58b-96da3140cf93";
				SDKROOT = iphoneos;
				TARGETED_DEVICE_FAMILY = "1,2";
				VALIDATE_PRODUCT = YES;
			};
			name = Release;
		};
		1CBA6EFD1AF761210051BACB /* Debug */ = {
			isa = XCBuildConfiguration;
			baseConfigurationReference = B54703B77E0D2EA4E18B5805 /* Pods.debug.xcconfig */;
			buildSettings = {
				ASSETCATALOG_COMPILER_APPICON_NAME = AppIcon;
				CODE_SIGN_IDENTITY = "iPhone Developer: peng yuan (HLE9E7RHAC)";
				GCC_PREFIX_HEADER = "BLE/BLE-Prefix.pch";
				INFOPLIST_FILE = BLE/Info.plist;
				IPHONEOS_DEPLOYMENT_TARGET = 7.0;
				LD_RUNPATH_SEARCH_PATHS = "$(inherited) @executable_path/Frameworks";
				PRODUCT_NAME = "$(TARGET_NAME)";
				PROVISIONING_PROFILE = "05679eb7-ddd6-4d6d-b58b-96da3140cf93";
				TARGETED_DEVICE_FAMILY = "1,2";
			};
			name = Debug;
		};
		1CBA6EFE1AF761210051BACB /* Release */ = {
			isa = XCBuildConfiguration;
			baseConfigurationReference = 23743517C035308B3D9FC028 /* Pods.release.xcconfig */;
			buildSettings = {
				ASSETCATALOG_COMPILER_APPICON_NAME = AppIcon;
				CODE_SIGN_IDENTITY = "iPhone Developer: peng yuan (HLE9E7RHAC)";
				GCC_PREFIX_HEADER = "BLE/BLE-Prefix.pch";
				INFOPLIST_FILE = BLE/Info.plist;
				IPHONEOS_DEPLOYMENT_TARGET = 7.0;
				LD_RUNPATH_SEARCH_PATHS = "$(inherited) @executable_path/Frameworks";
				PRODUCT_NAME = "$(TARGET_NAME)";
				PROVISIONING_PROFILE = "05679eb7-ddd6-4d6d-b58b-96da3140cf93";
				TARGETED_DEVICE_FAMILY = "1,2";
			};
			name = Release;
		};
		1CBA6F001AF761210051BACB /* Debug */ = {
			isa = XCBuildConfiguration;
			buildSettings = {
				BUNDLE_LOADER = "$(TEST_HOST)";
				FRAMEWORK_SEARCH_PATHS = (
					"$(SDKROOT)/Developer/Library/Frameworks",
					"$(inherited)",
				);
				GCC_PREPROCESSOR_DEFINITIONS = (
					"DEBUG=1",
					"$(inherited)",
				);
				INFOPLIST_FILE = BLETests/Info.plist;
				LD_RUNPATH_SEARCH_PATHS = "$(inherited) @executable_path/Frameworks @loader_path/Frameworks";
				PRODUCT_NAME = "$(TARGET_NAME)";
				TEST_HOST = "$(BUILT_PRODUCTS_DIR)/BLE.app/BLE";
			};
			name = Debug;
		};
		1CBA6F011AF761210051BACB /* Release */ = {
			isa = XCBuildConfiguration;
			buildSettings = {
				BUNDLE_LOADER = "$(TEST_HOST)";
				FRAMEWORK_SEARCH_PATHS = (
					"$(SDKROOT)/Developer/Library/Frameworks",
					"$(inherited)",
				);
				INFOPLIST_FILE = BLETests/Info.plist;
				LD_RUNPATH_SEARCH_PATHS = "$(inherited) @executable_path/Frameworks @loader_path/Frameworks";
				PRODUCT_NAME = "$(TARGET_NAME)";
				TEST_HOST = "$(BUILT_PRODUCTS_DIR)/BLE.app/BLE";
			};
			name = Release;
		};
/* End XCBuildConfiguration section */

/* Begin XCConfigurationList section */
		1CBA6ED41AF761200051BACB /* Build configuration list for PBXProject "BLE" */ = {
			isa = XCConfigurationList;
			buildConfigurations = (
				1CBA6EFA1AF761210051BACB /* Debug */,
				1CBA6EFB1AF761210051BACB /* Release */,
			);
			defaultConfigurationIsVisible = 0;
			defaultConfigurationName = Release;
		};
		1CBA6EFC1AF761210051BACB /* Build configuration list for PBXNativeTarget "BLE" */ = {
			isa = XCConfigurationList;
			buildConfigurations = (
				1CBA6EFD1AF761210051BACB /* Debug */,
				1CBA6EFE1AF761210051BACB /* Release */,
			);
			defaultConfigurationIsVisible = 0;
			defaultConfigurationName = Release;
		};
		1CBA6EFF1AF761210051BACB /* Build configuration list for PBXNativeTarget "BLETests" */ = {
			isa = XCConfigurationList;
			buildConfigurations = (
				1CBA6F001AF761210051BACB /* Debug */,
				1CBA6F011AF761210051BACB /* Release */,
			);
			defaultConfigurationIsVisible = 0;
			defaultConfigurationName = Release;
		};
/* End XCConfigurationList section */
	};
	rootObject = 1CBA6ED11AF761200051BACB /* Project object */;
}
